// !$*UTF8*$!
{
	archiveVersion = 1;
	classes = {
	};
	objectVersion = 50;
	objects = {

/* Begin PBXBuildFile section */
		04CE1D4922FF07CE0061E748 /* AppDelegate.swift in Sources */ = {isa = PBXBuildFile; fileRef = 04CE1D4822FF07CE0061E748 /* AppDelegate.swift */; };
		04CE1D4B22FF07CE0061E748 /* ViewController.swift in Sources */ = {isa = PBXBuildFile; fileRef = 04CE1D4A22FF07CE0061E748 /* ViewController.swift */; };
		04CE1D4E22FF07CE0061E748 /* Main.storyboard in Resources */ = {isa = PBXBuildFile; fileRef = 04CE1D4C22FF07CE0061E748 /* Main.storyboard */; };
		04CE1D5022FF07CF0061E748 /* Assets.xcassets in Resources */ = {isa = PBXBuildFile; fileRef = 04CE1D4F22FF07CF0061E748 /* Assets.xcassets */; };
		04CE1D5322FF07CF0061E748 /* LaunchScreen.storyboard in Resources */ = {isa = PBXBuildFile; fileRef = 04CE1D5122FF07CF0061E748 /* LaunchScreen.storyboard */; };
/* End PBXBuildFile section */

/* Begin PBXFileReference section */
		04CE1D4522FF07CE0061E748 /* LAHackatonIoT.app */ = {isa = PBXFileReference; explicitFileType = wrapper.application; includeInIndex = 0; path = LAHackatonIoT.app; sourceTree = BUILT_PRODUCTS_DIR; };
		04CE1D4822FF07CE0061E748 /* AppDelegate.swift */ = {isa = PBXFileReference; lastKnownFileType = sourcecode.swift; path = AppDelegate.swift; sourceTree = "<group>"; };
		04CE1D4A22FF07CE0061E748 /* ViewController.swift */ = {isa = PBXFileReference; lastKnownFileType = sourcecode.swift; path = ViewController.swift; sourceTree = "<group>"; };
		04CE1D4D22FF07CE0061E748 /* Base */ = {isa = PBXFileReference; lastKnownFileType = file.storyboard; name = Base; path = Base.lproj/Main.storyboard; sourceTree = "<group>"; };
		04CE1D4F22FF07CF0061E748 /* Assets.xcassets */ = {isa = PBXFileReference; lastKnownFileType = folder.assetcatalog; path = Assets.xcassets; sourceTree = "<group>"; };
		04CE1D5222FF07CF0061E748 /* Base */ = {isa = PBXFileReference; lastKnownFileType = file.storyboard; name = Base; path = Base.lproj/LaunchScreen.storyboard; sourceTree = "<group>"; };
		04CE1D5422FF07CF0061E748 /* Info.plist */ = {isa = PBXFileReference; lastKnownFileType = text.plist.xml; path = Info.plist; sourceTree = "<group>"; };
/* End PBXFileReference section */

/* Begin PBXFrameworksBuildPhase section */
		04CE1D4222FF07CD0061E748 /* Frameworks */ = {
			isa = PBXFrameworksBuildPhase;
			buildActionMask = 2147483647;
			files = (
			);
			runOnlyForDeploymentPostprocessing = 0;
		};
/* End PBXFrameworksBuildPhase section */

/* Begin PBXGroup section */
		04CE1D3C22FF07CD0061E748 = {
			isa = PBXGroup;
			children = (
				04CE1D4722FF07CE0061E748 /* LAHackatonIoT */,
				04CE1D4622FF07CE0061E748 /* Products */,
			);
			sourceTree = "<group>";
		};
		04CE1D4622FF07CE0061E748 /* Products */ = {
			isa = PBXGroup;
			children = (
				04CE1D4522FF07CE0061E748 /* LAHackatonIoT.app */,
			);
			name = Products;
			sourceTree = "<group>";
		};
		04CE1D4722FF07CE0061E748 /* LAHackatonIoT */ = {
			isa = PBXGroup;
			children = (
				04CE1D4822FF07CE0061E748 /* AppDelegate.swift */,
				04CE1D4A22FF07CE0061E748 /* ViewController.swift */,
				04CE1D4C22FF07CE0061E748 /* Main.storyboard */,
				04CE1D4F22FF07CF0061E748 /* Assets.xcassets */,
				04CE1D5122FF07CF0061E748 /* LaunchScreen.storyboard */,
				04CE1D5422FF07CF0061E748 /* Info.plist */,
			);
			path = LAHackatonIoT;
			sourceTree = "<group>";
		};
/* End PBXGroup section */

/* Begin PBXNativeTarget section */
		04CE1D4422FF07CD0061E748 /* LAHackatonIoT */ = {
			isa = PBXNativeTarget;
			buildConfigurationList = 04CE1D5722FF07CF0061E748 /* Build configuration list for PBXNativeTarget "LAHackatonIoT" */;
			buildPhases = (
				04CE1D4122FF07CD0061E748 /* Sources */,
				04CE1D4222FF07CD0061E748 /* Frameworks */,
				04CE1D4322FF07CD0061E748 /* Resources */,
			);
			buildRules = (
			);
			dependencies = (
			);
			name = LAHackatonIoT;
			productName = LAHackatonIoT;
			productReference = 04CE1D4522FF07CE0061E748 /* LAHackatonIoT.app */;
			productType = "com.apple.product-type.application";
		};
/* End PBXNativeTarget section */

/* Begin PBXProject section */
		04CE1D3D22FF07CD0061E748 /* Project object */ = {
			isa = PBXProject;
			attributes = {
				LastSwiftUpdateCheck = 1030;
				LastUpgradeCheck = 1030;
				ORGANIZATIONNAME = "Andres Felipe De La Ossa Navarro";
				TargetAttributes = {
					04CE1D4422FF07CD0061E748 = {
						CreatedOnToolsVersion = 10.3;
					};
				};
			};
			buildConfigurationList = 04CE1D4022FF07CD0061E748 /* Build configuration list for PBXProject "LAHackatonIoT" */;
			compatibilityVersion = "Xcode 9.3";
			developmentRegion = en;
			hasScannedForEncodings = 0;
			knownRegions = (
				en,
				Base,
			);
			mainGroup = 04CE1D3C22FF07CD0061E748;
			productRefGroup = 04CE1D4622FF07CE0061E748 /* Products */;
			projectDirPath = "";
			projectRoot = "";
			targets = (
				04CE1D4422FF07CD0061E748 /* LAHackatonIoT */,
			);
		};
/* End PBXProject section */

/* Begin PBXResourcesBuildPhase section */
		04CE1D4322FF07CD0061E748 /* Resources */ = {
			isa = PBXResourcesBuildPhase;
			buildActionMask = 2147483647;
			files = (
				04CE1D5322FF07CF0061E748 /* LaunchScreen.storyboard in Resources */,
				04CE1D5022FF07CF0061E748 /* Assets.xcassets in Resources */,
				04CE1D4E22FF07CE0061E748 /* Main.storyboard in Resources */,
			);
			runOnlyForDeploymentPostprocessing = 0;
		};
/* End PBXResourcesBuildPhase section */

/* Begin PBXSourcesBuildPhase section */
		04CE1D4122FF07CD0061E748 /* Sources */ = {
			isa = PBXSourcesBuildPhase;
			buildActionMask = 2147483647;
			files = (
				04CE1D4B22FF07CE0061E748 /* ViewController.swift in Sources */,
				04CE1D4922FF07CE0061E748 /* AppDelegate.swift in Sources */,
			);
			runOnlyForDeploymentPostprocessing = 0;
		};
/* End PBXSourcesBuildPhase section */

/* Begin PBXVariantGroup section */
		04CE1D4C22FF07CE0061E748 /* Main.storyboard */ = {
			isa = PBXVariantGroup;
			children = (
				04CE1D4D22FF07CE0061E748 /* Base */,
			);
			name = Main.storyboard;
			sourceTree = "<group>";
		};
		04CE1D5122FF07CF0061E748 /* LaunchScreen.storyboard */ = {
			isa = PBXVariantGroup;
			children = (
				04CE1D5222FF07CF0061E748 /* Base */,
			);
			name = LaunchScreen.storyboard;
			sourceTree = "<group>";
		};
/* End PBXVariantGroup section */

/* Begin XCBuildConfiguration section */
		04CE1D5522FF07CF0061E748 /* Debug */ = {
			isa = XCBuildConfiguration;
			buildSettings = {
				ALWAYS_SEARCH_USER_PATHS = NO;
				CLANG_ANALYZER_NONNULL = YES;
				CLANG_ANALYZER_NUMBER_OBJECT_CONVERSION = YES_AGGRESSIVE;
				CLANG_CXX_LANGUAGE_STANDARD = "gnu++14";
				CLANG_CXX_LIBRARY = "libc++";
				CLANG_ENABLE_MODULES = YES;
				CLANG_ENABLE_OBJC_ARC = YES;
				CLANG_ENABLE_OBJC_WEAK = YES;
				CLANG_WARN_BLOCK_CAPTURE_AUTORELEASING = YES;
				CLANG_WARN_BOOL_CONVERSION = YES;
				CLANG_WARN_COMMA = YES;
				CLANG_WARN_CONSTANT_CONVERSION = YES;
				CLANG_WARN_DEPRECATED_OBJC_IMPLEMENTATIONS = YES;
				CLANG_WARN_DIRECT_OBJC_ISA_USAGE = YES_ERROR;
				CLANG_WARN_DOCUMENTATION_COMMENTS = YES;
				CLANG_WARN_EMPTY_BODY = YES;
				CLANG_WARN_ENUM_CONVERSION = YES;
				CLANG_WARN_INFINITE_RECURSION = YES;
				CLANG_WARN_INT_CONVERSION = YES;
				CLANG_WARN_NON_LITERAL_NULL_CONVERSION = YES;
				CLANG_WARN_OBJC_IMPLICIT_RETAIN_SELF = YES;
				CLANG_WARN_OBJC_LITERAL_CONVERSION = YES;
				CLANG_WARN_OBJC_ROOT_CLASS = YES_ERROR;
				CLANG_WARN_RANGE_LOOP_ANALYSIS = YES;
				CLANG_WARN_STRICT_PROTOTYPES = YES;
				CLANG_WARN_SUSPICIOUS_MOVE = YES;
				CLANG_WARN_UNGUARDED_AVAILABILITY = YES_AGGRESSIVE;
				CLANG_WARN_UNREACHABLE_CODE = YES;
				CLANG_WARN__DUPLICATE_METHOD_MATCH = YES;
				CODE_SIGN_IDENTITY = "iPhone Developer";
				COPY_PHASE_STRIP = NO;
				DEBUG_INFORMATION_FORMAT = dwarf;
				ENABLE_STRICT_OBJC_MSGSEND = YES;
				ENABLE_TESTABILITY = YES;
				GCC_C_LANGUAGE_STANDARD = gnu11;
				GCC_DYNAMIC_NO_PIC = NO;
				GCC_NO_COMMON_BLOCKS = YES;
				GCC_OPTIMIZATION_LEVEL = 0;
				GCC_PREPROCESSOR_DEFINITIONS = (
					"DEBUG=1",
					"$(inherited)",
				);
				GCC_WARN_64_TO_32_BIT_CONVERSION = YES;
				GCC_WARN_ABOUT_RETURN_TYPE = YES_ERROR;
				GCC_WARN_UNDECLARED_SELECTOR = YES;
				GCC_WARN_UNINITIALIZED_AUTOS = YES_AGGRESSIVE;
				GCC_WARN_UNUSED_FUNCTION = YES;
				GCC_WARN_UNUSED_VARIABLE = YES;
				IPHONEOS_DEPLOYMENT_TARGET = 12.4;
				MTL_ENABLE_DEBUG_INFO = INCLUDE_SOURCE;
				MTL_FAST_MATH = YES;
				ONLY_ACTIVE_ARCH = YES;
				SDKROOT = iphoneos;
				SWIFT_ACTIVE_COMPILATION_CONDITIONS = DEBUG;
				SWIFT_OPTIMIZATION_LEVEL = "-Onone";
			};
			name = Debug;
		};
		04CE1D5622FF07CF0061E748 /* Release */ = {
			isa = XCBuildConfiguration;
			buildSettings = {
				ALWAYS_SEARCH_USER_PATHS = NO;
				CLANG_ANALYZER_NONNULL = YES;
				CLANG_ANALYZER_NUMBER_OBJECT_CONVERSION = YES_AGGRESSIVE;
				CLANG_CXX_LANGUAGE_STANDARD = "gnu++14";
				CLANG_CXX_LIBRARY = "libc++";
				CLANG_ENABLE_MODULES = YES;
				CLANG_ENABLE_OBJC_ARC = YES;
				CLANG_ENABLE_OBJC_WEAK = YES;
				CLANG_WARN_BLOCK_CAPTURE_AUTORELEASING = YES;
				CLANG_WARN_BOOL_CONVERSION = YES;
				CLANG_WARN_COMMA = YES;
				CLANG_WARN_CONSTANT_CONVERSION = YES;
				CLANG_WARN_DEPRECATED_OBJC_IMPLEMENTATIONS = YES;
				CLANG_WARN_DIRECT_OBJC_ISA_USAGE = YES_ERROR;
				CLANG_WARN_DOCUMENTATION_COMMENTS = YES;
				CLANG_WARN_EMPTY_BODY = YES;
				CLANG_WARN_ENUM_CONVERSION = YES;
				CLANG_WARN_INFINITE_RECURSION = YES;
				CLANG_WARN_INT_CONVERSION = YES;
				CLANG_WARN_NON_LITERAL_NULL_CONVERSION = YES;
				CLANG_WARN_OBJC_IMPLICIT_RETAIN_SELF = YES;
				CLANG_WARN_OBJC_LITERAL_CONVERSION = YES;
				CLANG_WARN_OBJC_ROOT_CLASS = YES_ERROR;
				CLANG_WARN_RANGE_LOOP_ANALYSIS = YES;
				CLANG_WARN_STRICT_PROTOTYPES = YES;
				CLANG_WARN_SUSPICIOUS_MOVE = YES;
				CLANG_WARN_UNGUARDED_AVAILABILITY = YES_AGGRESSIVE;
				CLANG_WARN_UNREACHABLE_CODE = YES;
				CLANG_WARN__DUPLICATE_METHOD_MATCH = YES;
				CODE_SIGN_IDENTITY = "iPhone Developer";
				COPY_PHASE_STRIP = NO;
				DEBUG_INFORMATION_FORMAT = "dwarf-with-dsym";
				ENABLE_NS_ASSERTIONS = NO;
				ENABLE_STRICT_OBJC_MSGSEND = YES;
				GCC_C_LANGUAGE_STANDARD = gnu11;
				GCC_NO_COMMON_BLOCKS = YES;
				GCC_WARN_64_TO_32_BIT_CONVERSION = YES;
				GCC_WARN_ABOUT_RETURN_TYPE = YES_ERROR;
				GCC_WARN_UNDECLARED_SELECTOR = YES;
				GCC_WARN_UNINITIALIZED_AUTOS = YES_AGGRESSIVE;
				GCC_WARN_UNUSED_FUNCTION = YES;
				GCC_WARN_UNUSED_VARIABLE = YES;
				IPHONEOS_DEPLOYMENT_TARGET = 12.4;
				MTL_ENABLE_DEBUG_INFO = NO;
				MTL_FAST_MATH = YES;
				SDKROOT = iphoneos;
				SWIFT_COMPILATION_MODE = wholemodule;
				SWIFT_OPTIMIZATION_LEVEL = "-O";
				VALIDATE_PRODUCT = YES;
			};
			name = Release;
		};
		04CE1D5822FF07CF0061E748 /* Debug */ = {
			isa = XCBuildConfiguration;
			buildSettings = {
				ASSETCATALOG_COMPILER_APPICON_NAME = AppIcon;
				CODE_SIGN_STYLE = Automatic;
				DEVELOPMENT_TEAM = P48P2G5UA9;
				INFOPLIST_FILE = LAHackatonIoT/Info.plist;
				LD_RUNPATH_SEARCH_PATHS = (
					"$(inherited)",
					"@executable_path/Frameworks",
				);
				PRODUCT_BUNDLE_IDENTIFIER = Ossa.LAHackatonIoT;
				PRODUCT_NAME = "$(TARGET_NAME)";
				SWIFT_VERSION = 5.0;
				TARGETED_DEVICE_FAMILY = "1,2";
			};
			name = Debug;
		};
		04CE1D5922FF07CF0061E748 /* Release */ = {
			isa = XCBuildConfiguration;
			buildSettings = {
				ASSETCATALOG_COMPILER_APPICON_NAME = AppIcon;
				CODE_SIGN_STYLE = Automatic;
				DEVELOPMENT_TEAM = P48P2G5UA9;
				INFOPLIST_FILE = LAHackatonIoT/Info.plist;
				LD_RUNPATH_SEARCH_PATHS = (
					"$(inherited)",
					"@executable_path/Frameworks",
				);
				PRODUCT_BUNDLE_IDENTIFIER = Ossa.LAHackatonIoT;
				PRODUCT_NAME = "$(TARGET_NAME)";
				SWIFT_VERSION = 5.0;
				TARGETED_DEVICE_FAMILY = "1,2";
			};
			name = Release;
		};
/* End XCBuildConfiguration section */

/* Begin XCConfigurationList section */
		04CE1D4022FF07CD0061E748 /* Build configuration list for PBXProject "LAHackatonIoT" */ = {
			isa = XCConfigurationList;
			buildConfigurations = (
				04CE1D5522FF07CF0061E748 /* Debug */,
				04CE1D5622FF07CF0061E748 /* Release */,
			);
			defaultConfigurationIsVisible = 0;
			defaultConfigurationName = Release;
		};
		04CE1D5722FF07CF0061E748 /* Build configuration list for PBXNativeTarget "LAHackatonIoT" */ = {
			isa = XCConfigurationList;
			buildConfigurations = (
				04CE1D5822FF07CF0061E748 /* Debug */,
				04CE1D5922FF07CF0061E748 /* Release */,
			);
			defaultConfigurationIsVisible = 0;
			defaultConfigurationName = Release;
		};
/* End XCConfigurationList section */
	};
	rootObject = 04CE1D3D22FF07CD0061E748 /* Project object */;
}
